
Microsoft Visual Studio Solution File, Format Version 12.00
# Visual Studio Version 17
VisualStudioVersion = 17.9.34616.47
MinimumVisualStudioVersion = 10.0.40219.1
Project("{FAE04EC0-301F-11D3-BF4B-00C04F79EFBC}") = "CompositeExample", "CompositeExample.csproj", "{3B822DB5-41D8-4983-A175-435C4E8C9243}"
EndProject
Global
	GlobalSection(SolutionConfigurationPlatforms) = preSolution
		Debug|Any CPU = Debug|Any CPU
		Release|Any CPU = Release|Any CPU
	EndGlobalSection
	GlobalSection(ProjectConfigurationPlatforms) = postSolution
		{3B822DB5-41D8-4983-A175-435C4E8C9243}.Debug|Any CPU.ActiveCfg = Debug|Any CPU
		{3B822DB5-41D8-4983-A175-435C4E8C9243}.Debug|Any CPU.Build.0 = Debug|Any CPU
		{3B822DB5-41D8-4983-A175-435C4E8C9243}.Release|Any CPU.ActiveCfg = Release|Any CPU
		{3B822DB5-41D8-4983-A175-435C4E8C9243}.Release|Any CPU.Build.0 = Release|Any CPU
	EndGlobalSection
	GlobalSection(SolutionProperties) = preSolution
		HideSolutionNode = FALSE
	EndGlobalSection
	GlobalSection(ExtensibilityGlobals) = postSolution
		SolutionGuid = {9A1B76C2-A7E5-4C47-84A6-5D229292BABC}
	EndGlobalSection
EndGlobal
