
Microsoft Visual Studio Solution File, Format Version 12.00
# Visual Studio Version 17
VisualStudioVersion = 17.9.34616.47
MinimumVisualStudioVersion = 10.0.40219.1
Project("{FAE04EC0-301F-11D3-BF4B-00C04F79EFBC}") = "SimpleFactory", "SimpleFactory\SimpleFactory.csproj", "{4EB4CED9-E9E2-4E98-8272-59DCE7CCDD38}"
EndProject
Project("{FAE04EC0-301F-11D3-BF4B-00C04F79EFBC}") = "FactoryMethod", "FactoryMethod\FactoryMethod.csproj", "{24AB79B2-9E26-44ED-9719-9D89BBADAB6E}"
EndProject
Project("{FAE04EC0-301F-11D3-BF4B-00C04F79EFBC}") = "AbstractFactory", "AbstractFactory\AbstractFactory.csproj", "{852A7E54-819D-47C2-B8A0-AB10D92993B4}"
EndProject
Global
	GlobalSection(SolutionConfigurationPlatforms) = preSolution
		Debug|Any CPU = Debug|Any CPU
		Release|Any CPU = Release|Any CPU
	EndGlobalSection
	GlobalSection(ProjectConfigurationPlatforms) = postSolution
		{4EB4CED9-E9E2-4E98-8272-59DCE7CCDD38}.Debug|Any CPU.ActiveCfg = Debug|Any CPU
		{4EB4CED9-E9E2-4E98-8272-59DCE7CCDD38}.Debug|Any CPU.Build.0 = Debug|Any CPU
		{4EB4CED9-E9E2-4E98-8272-59DCE7CCDD38}.Release|Any CPU.ActiveCfg = Release|Any CPU
		{4EB4CED9-E9E2-4E98-8272-59DCE7CCDD38}.Release|Any CPU.Build.0 = Release|Any CPU
		{24AB79B2-9E26-44ED-9719-9D89BBADAB6E}.Debug|Any CPU.ActiveCfg = Debug|Any CPU
		{24AB79B2-9E26-44ED-9719-9D89BBADAB6E}.Debug|Any CPU.Build.0 = Debug|Any CPU
		{24AB79B2-9E26-44ED-9719-9D89BBADAB6E}.Release|Any CPU.ActiveCfg = Release|Any CPU
		{24AB79B2-9E26-44ED-9719-9D89BBADAB6E}.Release|Any CPU.Build.0 = Release|Any CPU
		{852A7E54-819D-47C2-B8A0-AB10D92993B4}.Debug|Any CPU.ActiveCfg = Debug|Any CPU
		{852A7E54-819D-47C2-B8A0-AB10D92993B4}.Debug|Any CPU.Build.0 = Debug|Any CPU
		{852A7E54-819D-47C2-B8A0-AB10D92993B4}.Release|Any CPU.ActiveCfg = Release|Any CPU
		{852A7E54-819D-47C2-B8A0-AB10D92993B4}.Release|Any CPU.Build.0 = Release|Any CPU
	EndGlobalSection
	GlobalSection(SolutionProperties) = preSolution
		HideSolutionNode = FALSE
	EndGlobalSection
	GlobalSection(ExtensibilityGlobals) = postSolution
		SolutionGuid = {61120B0C-55C7-4C9B-9E38-2496FF79D420}
	EndGlobalSection
EndGlobal
